
Microsoft Visual Studio Solution File, Format Version 12.00
# Visual Studio Version 16
VisualStudioVersion = 16.0.30611.23
MinimumVisualStudioVersion = 10.0.40219.1
Project("{FAE04EC0-301F-11D3-BF4B-00C04F79EFBC}") = "Digital Diary", "Digital Diary\Digital Diary.csproj", "{2179A810-C8EE-4356-9521-248844046046}"
EndProject
Global
	GlobalSection(SolutionConfigurationPlatforms) = preSolution
		Debug|Any CPU = Debug|Any CPU
		Release|Any CPU = Release|Any CPU
	EndGlobalSection
	GlobalSection(ProjectConfigurationPlatforms) = postSolution
		{2179A810-C8EE-4356-9521-248844046046}.Debug|Any CPU.ActiveCfg = Debug|Any CPU
		{2179A810-C8EE-4356-9521-248844046046}.Debug|Any CPU.Build.0 = Debug|Any CPU
		{2179A810-C8EE-4356-9521-248844046046}.Release|Any CPU.ActiveCfg = Release|Any CPU
		{2179A810-C8EE-4356-9521-248844046046}.Release|Any CPU.Build.0 = Release|Any CPU
	EndGlobalSection
	GlobalSection(SolutionProperties) = preSolution
		HideSolutionNode = FALSE
	EndGlobalSection
	GlobalSection(ExtensibilityGlobals) = postSolution
		SolutionGuid = {BE54F168-71FD-4631-8309-87D057E145F3}
	EndGlobalSection
EndGlobal
